
Microsoft Visual Studio Solution File, Format Version 12.00
# Visual Studio Version 16
VisualStudioVersion = 16.0.29411.108
MinimumVisualStudioVersion = 10.0.40219.1
Project("{9A19103F-16F7-4668-BE54-9A1E7A4F7556}") = "ERP.WepApp", "ERP.WepApp\ERP.WepApp.csproj", "{A34B32CB-BB2D-4FAB-86AA-C16696AEBA4B}"
EndProject
Project("{2150E333-8FDC-42A3-9474-1A3956D46DE8}") = "Solution Items", "Solution Items", "{65B0393E-FCDD-455E-9454-115A841D19A6}"
	ProjectSection(SolutionItems) = preProject
		README.md = README.md
	EndProjectSection
EndProject
Project("{9A19103F-16F7-4668-BE54-9A1E7A4F7556}") = "ERP.Model", "ERP.Model\ERP.Model.csproj", "{4ACBC1B9-2265-4ED9-8EB4-7A8AA636CA72}"
EndProject
Project("{9A19103F-16F7-4668-BE54-9A1E7A4F7556}") = "ERP.Common", "ERP.Common\ERP.Common.csproj", "{E110AF9E-58D2-4BC8-8DA2-010FAAEAFF19}"
EndProject
Global
	GlobalSection(SolutionConfigurationPlatforms) = preSolution
		Debug|Any CPU = Debug|Any CPU
		Release|Any CPU = Release|Any CPU
	EndGlobalSection
	GlobalSection(ProjectConfigurationPlatforms) = postSolution
		{A34B32CB-BB2D-4FAB-86AA-C16696AEBA4B}.Debug|Any CPU.ActiveCfg = Debug|Any CPU
		{A34B32CB-BB2D-4FAB-86AA-C16696AEBA4B}.Debug|Any CPU.Build.0 = Debug|Any CPU
		{A34B32CB-BB2D-4FAB-86AA-C16696AEBA4B}.Release|Any CPU.ActiveCfg = Release|Any CPU
		{A34B32CB-BB2D-4FAB-86AA-C16696AEBA4B}.Release|Any CPU.Build.0 = Release|Any CPU
		{4ACBC1B9-2265-4ED9-8EB4-7A8AA636CA72}.Debug|Any CPU.ActiveCfg = Debug|Any CPU
		{4ACBC1B9-2265-4ED9-8EB4-7A8AA636CA72}.Debug|Any CPU.Build.0 = Debug|Any CPU
		{4ACBC1B9-2265-4ED9-8EB4-7A8AA636CA72}.Release|Any CPU.ActiveCfg = Release|Any CPU
		{4ACBC1B9-2265-4ED9-8EB4-7A8AA636CA72}.Release|Any CPU.Build.0 = Release|Any CPU
		{E110AF9E-58D2-4BC8-8DA2-010FAAEAFF19}.Debug|Any CPU.ActiveCfg = Debug|Any CPU
		{E110AF9E-58D2-4BC8-8DA2-010FAAEAFF19}.Debug|Any CPU.Build.0 = Debug|Any CPU
		{E110AF9E-58D2-4BC8-8DA2-010FAAEAFF19}.Release|Any CPU.ActiveCfg = Release|Any CPU
		{E110AF9E-58D2-4BC8-8DA2-010FAAEAFF19}.Release|Any CPU.Build.0 = Release|Any CPU
	EndGlobalSection
	GlobalSection(SolutionProperties) = preSolution
		HideSolutionNode = FALSE
	EndGlobalSection
	GlobalSection(ExtensibilityGlobals) = postSolution
		SolutionGuid = {8AF340C4-FFA5-477A-B644-60FA5741CB87}
	EndGlobalSection
EndGlobal
