
Microsoft Visual Studio Solution File, Format Version 12.00
# Visual Studio Version 16
VisualStudioVersion = 16.0.29411.108
MinimumVisualStudioVersion = 10.0.40219.1
Project("{9A19103F-16F7-4668-BE54-9A1E7A4F7556}") = "ERP.WepApp", "ERP.WepApp\ERP.WepApp.csproj", "{A34B32CB-BB2D-4FAB-86AA-C16696AEBA4B}"
EndProject
Project("{2150E333-8FDC-42A3-9474-1A3956D46DE8}") = "0. Solution Items", "0. Solution Items", "{65B0393E-FCDD-455E-9454-115A841D19A6}"
	ProjectSection(SolutionItems) = preProject
		README.md = README.md
	EndProjectSection
EndProject
Project("{9A19103F-16F7-4668-BE54-9A1E7A4F7556}") = "ERP.Model", "ERP.Model\ERP.Model.csproj", "{4ACBC1B9-2265-4ED9-8EB4-7A8AA636CA72}"
EndProject
Project("{9A19103F-16F7-4668-BE54-9A1E7A4F7556}") = "ERP.Common", "ERP.Common\ERP.Common.csproj", "{E110AF9E-58D2-4BC8-8DA2-010FAAEAFF19}"
EndProject
Project("{9A19103F-16F7-4668-BE54-9A1E7A4F7556}") = "ERP.Utilities", "ERP.Utilities\ERP.Utilities.csproj", "{FB7F38C8-1E2E-4CDD-95DF-8D9BAFB977EA}"
EndProject
Project("{9A19103F-16F7-4668-BE54-9A1E7A4F7556}") = "ERP.ViewModels", "ERP.ViewModels\ERP.ViewModels.csproj", "{BEF709E8-D349-4BE9-9C57-3DFCA1250D5B}"
EndProject
Project("{9A19103F-16F7-4668-BE54-9A1E7A4F7556}") = "ERP.BackendAPI", "ERP.BackendAPI\ERP.BackendAPI.csproj", "{FF2AAF6D-296F-4D24-9B5D-F96AF37E3613}"
EndProject
Project("{2150E333-8FDC-42A3-9474-1A3956D46DE8}") = "1. Intrastructure", "1. Intrastructure", "{1B4EC7A6-D9A0-4980-9000-DC94E0B4802B}"
EndProject
Project("{2150E333-8FDC-42A3-9474-1A3956D46DE8}") = "2. Domain", "2. Domain", "{7BFFDDC6-CE98-4370-8731-D5CF89E13E02}"
EndProject
Project("{2150E333-8FDC-42A3-9474-1A3956D46DE8}") = "3. Hosts", "3. Hosts", "{81F029D7-D894-44F4-9E27-7D012C7589A9}"
EndProject
Global
	GlobalSection(SolutionConfigurationPlatforms) = preSolution
		Debug|Any CPU = Debug|Any CPU
		Release|Any CPU = Release|Any CPU
	EndGlobalSection
	GlobalSection(ProjectConfigurationPlatforms) = postSolution
		{A34B32CB-BB2D-4FAB-86AA-C16696AEBA4B}.Debug|Any CPU.ActiveCfg = Debug|Any CPU
		{A34B32CB-BB2D-4FAB-86AA-C16696AEBA4B}.Debug|Any CPU.Build.0 = Debug|Any CPU
		{A34B32CB-BB2D-4FAB-86AA-C16696AEBA4B}.Release|Any CPU.ActiveCfg = Release|Any CPU
		{A34B32CB-BB2D-4FAB-86AA-C16696AEBA4B}.Release|Any CPU.Build.0 = Release|Any CPU
		{4ACBC1B9-2265-4ED9-8EB4-7A8AA636CA72}.Debug|Any CPU.ActiveCfg = Debug|Any CPU
		{4ACBC1B9-2265-4ED9-8EB4-7A8AA636CA72}.Debug|Any CPU.Build.0 = Debug|Any CPU
		{4ACBC1B9-2265-4ED9-8EB4-7A8AA636CA72}.Release|Any CPU.ActiveCfg = Release|Any CPU
		{4ACBC1B9-2265-4ED9-8EB4-7A8AA636CA72}.Release|Any CPU.Build.0 = Release|Any CPU
		{E110AF9E-58D2-4BC8-8DA2-010FAAEAFF19}.Debug|Any CPU.ActiveCfg = Debug|Any CPU
		{E110AF9E-58D2-4BC8-8DA2-010FAAEAFF19}.Debug|Any CPU.Build.0 = Debug|Any CPU
		{E110AF9E-58D2-4BC8-8DA2-010FAAEAFF19}.Release|Any CPU.ActiveCfg = Release|Any CPU
		{E110AF9E-58D2-4BC8-8DA2-010FAAEAFF19}.Release|Any CPU.Build.0 = Release|Any CPU
		{FB7F38C8-1E2E-4CDD-95DF-8D9BAFB977EA}.Debug|Any CPU.ActiveCfg = Debug|Any CPU
		{FB7F38C8-1E2E-4CDD-95DF-8D9BAFB977EA}.Debug|Any CPU.Build.0 = Debug|Any CPU
		{FB7F38C8-1E2E-4CDD-95DF-8D9BAFB977EA}.Release|Any CPU.ActiveCfg = Release|Any CPU
		{FB7F38C8-1E2E-4CDD-95DF-8D9BAFB977EA}.Release|Any CPU.Build.0 = Release|Any CPU
		{BEF709E8-D349-4BE9-9C57-3DFCA1250D5B}.Debug|Any CPU.ActiveCfg = Debug|Any CPU
		{BEF709E8-D349-4BE9-9C57-3DFCA1250D5B}.Debug|Any CPU.Build.0 = Debug|Any CPU
		{BEF709E8-D349-4BE9-9C57-3DFCA1250D5B}.Release|Any CPU.ActiveCfg = Release|Any CPU
		{BEF709E8-D349-4BE9-9C57-3DFCA1250D5B}.Release|Any CPU.Build.0 = Release|Any CPU
		{FF2AAF6D-296F-4D24-9B5D-F96AF37E3613}.Debug|Any CPU.ActiveCfg = Debug|Any CPU
		{FF2AAF6D-296F-4D24-9B5D-F96AF37E3613}.Debug|Any CPU.Build.0 = Debug|Any CPU
		{FF2AAF6D-296F-4D24-9B5D-F96AF37E3613}.Release|Any CPU.ActiveCfg = Release|Any CPU
		{FF2AAF6D-296F-4D24-9B5D-F96AF37E3613}.Release|Any CPU.Build.0 = Release|Any CPU
	EndGlobalSection
	GlobalSection(SolutionProperties) = preSolution
		HideSolutionNode = FALSE
	EndGlobalSection
	GlobalSection(NestedProjects) = preSolution
		{A34B32CB-BB2D-4FAB-86AA-C16696AEBA4B} = {81F029D7-D894-44F4-9E27-7D012C7589A9}
		{4ACBC1B9-2265-4ED9-8EB4-7A8AA636CA72} = {7BFFDDC6-CE98-4370-8731-D5CF89E13E02}
		{E110AF9E-58D2-4BC8-8DA2-010FAAEAFF19} = {7BFFDDC6-CE98-4370-8731-D5CF89E13E02}
		{FB7F38C8-1E2E-4CDD-95DF-8D9BAFB977EA} = {1B4EC7A6-D9A0-4980-9000-DC94E0B4802B}
		{BEF709E8-D349-4BE9-9C57-3DFCA1250D5B} = {1B4EC7A6-D9A0-4980-9000-DC94E0B4802B}
		{FF2AAF6D-296F-4D24-9B5D-F96AF37E3613} = {81F029D7-D894-44F4-9E27-7D012C7589A9}
	EndGlobalSection
	GlobalSection(ExtensibilityGlobals) = postSolution
		SolutionGuid = {8AF340C4-FFA5-477A-B644-60FA5741CB87}
	EndGlobalSection
EndGlobal
